
Microsoft Visual Studio Solution File, Format Version 12.00
# Visual Studio 15
VisualStudioVersion = 15.0.27703.2000
MinimumVisualStudioVersion = 10.0.40219.1
Project("{8BC9CEB8-8B4A-11D0-8D11-00A0C91BC942}") = "GetMonitorsResolution", "GetMonitorsResolution.vcxproj", "{0F8999FD-40C3-4D05-B2FC-AA03DC1EFEDA}"
EndProject
Global
	GlobalSection(SolutionConfigurationPlatforms) = preSolution
		Debug|x64 = Debug|x64
		Debug|x86 = Debug|x86
		Release|x64 = Release|x64
		Release|x86 = Release|x86
	EndGlobalSection
	GlobalSection(ProjectConfigurationPlatforms) = postSolution
		{0F8999FD-40C3-4D05-B2FC-AA03DC1EFEDA}.Debug|x64.ActiveCfg = Debug|x64
		{0F8999FD-40C3-4D05-B2FC-AA03DC1EFEDA}.Debug|x64.Build.0 = Debug|x64
		{0F8999FD-40C3-4D05-B2FC-AA03DC1EFEDA}.Debug|x86.ActiveCfg = Debug|Win32
		{0F8999FD-40C3-4D05-B2FC-AA03DC1EFEDA}.Debug|x86.Build.0 = Debug|Win32
		{0F8999FD-40C3-4D05-B2FC-AA03DC1EFEDA}.Release|x64.ActiveCfg = Release|x64
		{0F8999FD-40C3-4D05-B2FC-AA03DC1EFEDA}.Release|x64.Build.0 = Release|x64
		{0F8999FD-40C3-4D05-B2FC-AA03DC1EFEDA}.Release|x86.ActiveCfg = Release|Win32
		{0F8999FD-40C3-4D05-B2FC-AA03DC1EFEDA}.Release|x86.Build.0 = Release|Win32
	EndGlobalSection
	GlobalSection(SolutionProperties) = preSolution
		HideSolutionNode = FALSE
	EndGlobalSection
	GlobalSection(ExtensibilityGlobals) = postSolution
		SolutionGuid = {6F3C3DCB-85B5-4309-A58B-064B06948062}
	EndGlobalSection
EndGlobal
