
Microsoft Visual Studio Solution File, Format Version 12.00
# Visual Studio 2012
Project("{8BC9CEB8-8B4A-11D0-8D11-00A0C91BC942}") = "getlocalipsTest", "getlocalipsTest.vcxproj", "{BB067D71-0187-4194-BC1F-67CB7647AE46}"
EndProject
Global
	GlobalSection(SolutionConfigurationPlatforms) = preSolution
		Debug|Win32 = Debug|Win32
		Release|Win32 = Release|Win32
	EndGlobalSection
	GlobalSection(ProjectConfigurationPlatforms) = postSolution
		{BB067D71-0187-4194-BC1F-67CB7647AE46}.Debug|Win32.ActiveCfg = Debug|Win32
		{BB067D71-0187-4194-BC1F-67CB7647AE46}.Debug|Win32.Build.0 = Debug|Win32
		{BB067D71-0187-4194-BC1F-67CB7647AE46}.Release|Win32.ActiveCfg = Release|Win32
		{BB067D71-0187-4194-BC1F-67CB7647AE46}.Release|Win32.Build.0 = Release|Win32
	EndGlobalSection
	GlobalSection(SolutionProperties) = preSolution
		HideSolutionNode = FALSE
	EndGlobalSection
EndGlobal
