
Microsoft Visual Studio Solution File, Format Version 12.00
# Visual Studio 2012
Project("{8BC9CEB8-8B4A-11D0-8D11-00A0C91BC942}") = "class_initializer_listsTest", "class_initializer_listsTest.vcxproj", "{C2179255-C692-4229-88B5-C1845F2D1BF7}"
EndProject
Global
	GlobalSection(SolutionConfigurationPlatforms) = preSolution
		Debug|Win32 = Debug|Win32
		Release|Win32 = Release|Win32
	EndGlobalSection
	GlobalSection(ProjectConfigurationPlatforms) = postSolution
		{C2179255-C692-4229-88B5-C1845F2D1BF7}.Debug|Win32.ActiveCfg = Debug|Win32
		{C2179255-C692-4229-88B5-C1845F2D1BF7}.Debug|Win32.Build.0 = Debug|Win32
		{C2179255-C692-4229-88B5-C1845F2D1BF7}.Release|Win32.ActiveCfg = Release|Win32
		{C2179255-C692-4229-88B5-C1845F2D1BF7}.Release|Win32.Build.0 = Release|Win32
	EndGlobalSection
	GlobalSection(SolutionProperties) = preSolution
		HideSolutionNode = FALSE
	EndGlobalSection
EndGlobal
